{
  "version": 4,
  "terraform_version": "1.6.6",
  "serial": 12,
  "lineage": "861a64ae-0fe8-774d-f621-6529bb0a269a",
  "outputs": {
    "common-N01551957_LAW-N01551957_name": {
      "value": "acctest",
      "type": "string"
    },
    "common-N01551957_RSV-N01551957_name": {
      "value": "N01551957recoveryvault",
      "type": "string"
    },
    "common-N01551957_SA-N01551957_name": {
      "value": "n01551957joseph",
      "type": "string"
    },
    "network-N01551957_network-subnet_name": {
      "value": "subnet",
      "type": "string"
    },
    "network-N01551957_network-vnet_name": {
      "value": "vnet-assignment1-N01551957",
      "type": "string"
    },
    "resource_group_N01551957-RG_location": {
      "value": "canadacentral",
      "type": "string"
    },
    "resource_group_N01551957-RG_name": {
      "value": "N01551957-RG",
      "type": "string"
    }
  },
  "resources": [
    {
      "module": "module.common-N01551957",
      "mode": "managed",
      "type": "azurerm_log_analytics_workspace",
      "name": "LAW-N01551957",
      "provider": "provider[\"registry.terraform.io/hashicorp/azurerm\"]",
      "instances": [
        {
          "schema_version": 3,
          "attributes": {
            "allow_resource_only_permissions": true,
            "cmk_for_query_forced": false,
            "daily_quota_gb": -1,
            "id": "/subscriptions/b0d6d148-4d63-490c-ac5b-eb3effc3a558/resourceGroups/N01551957-RG/providers/Microsoft.OperationalInsights/workspaces/acctest",
            "internet_ingestion_enabled": true,
            "internet_query_enabled": true,
            "local_authentication_disabled": false,
            "location": "canadacentral",
            "name": "acctest",
            "primary_shared_key": "1DNyIq5LlbhveAdYA9pCH180J7XITk4WBwdCl9pZCI93hVjC5yxvVLlUCjE4IJrdWYM+BAtpaVF63ilJcYG5NQ==",
            "reservation_capacity_in_gb_per_day": null,
            "resource_group_name": "N01551957-RG",
            "retention_in_days": 30,
            "secondary_shared_key": "S2ECbxlvkON1bXSoKjfomrSwr18rclBCDtvnINog1NrnaOY4tbELY4E1KG+J4AZTugBcNkRaOHsDWyrKIb/26Q==",
            "sku": "PerGB2018",
            "tags": {},
            "timeouts": null,
            "workspace_id": "20d66fc0-f98a-4e89-b08b-c29ccc859101"
          },
          "sensitive_attributes": [],
          "private": "eyJlMmJmYjczMC1lY2FhLTExZTYtOGY4OC0zNDM2M2JjN2M0YzAiOnsiY3JlYXRlIjoxODAwMDAwMDAwMDAwLCJkZWxldGUiOjE4MDAwMDAwMDAwMDAsInJlYWQiOjMwMDAwMDAwMDAwMCwidXBkYXRlIjoxODAwMDAwMDAwMDAwfSwic2NoZW1hX3ZlcnNpb24iOiIzIn0=",
          "dependencies": [
            "module.rgroup-N01551957.azurerm_resource_group.N01551957-RG"
          ]
        }
      ]
    },
    {
      "module": "module.common-N01551957",
      "mode": "managed",
      "type": "azurerm_recovery_services_vault",
      "name": "RSV-N01551957",
      "provider": "provider[\"registry.terraform.io/hashicorp/azurerm\"]",
      "instances": [
        {
          "schema_version": 0,
          "attributes": {
            "classic_vmware_replication_enabled": null,
            "cross_region_restore_enabled": false,
            "encryption": [],
            "id": "/subscriptions/b0d6d148-4d63-490c-ac5b-eb3effc3a558/resourceGroups/N01551957-RG/providers/Microsoft.RecoveryServices/vaults/N01551957recoveryvault",
            "identity": [],
            "immutability": null,
            "location": "canadacentral",
            "name": "N01551957recoveryvault",
            "public_network_access_enabled": true,
            "resource_group_name": "N01551957-RG",
            "sku": "Standard",
            "soft_delete_enabled": true,
            "storage_mode_type": "GeoRedundant",
            "tags": {},
            "timeouts": null
          },
          "sensitive_attributes": [],
          "private": "eyJlMmJmYjczMC1lY2FhLTExZTYtOGY4OC0zNDM2M2JjN2M0YzAiOnsiY3JlYXRlIjo3MjAwMDAwMDAwMDAwLCJkZWxldGUiOjE4MDAwMDAwMDAwMDAsInJlYWQiOjMwMDAwMDAwMDAwMCwidXBkYXRlIjozNjAwMDAwMDAwMDAwfX0=",
          "dependencies": [
            "module.rgroup-N01551957.azurerm_resource_group.N01551957-RG"
          ]
        }
      ]
    },
    {
      "module": "module.common-N01551957",
      "mode": "managed",
      "type": "azurerm_storage_account",
      "name": "SA-N01551957",
      "provider": "provider[\"registry.terraform.io/hashicorp/azurerm\"]",
      "instances": [
        {
          "schema_version": 3,
          "attributes": {
            "access_tier": "Hot",
            "account_kind": "StorageV2",
            "account_replication_type": "LRS",
            "account_tier": "Standard",
            "allow_nested_items_to_be_public": true,
            "allowed_copy_scope": "",
            "azure_files_authentication": [],
            "blob_properties": [
              {
                "change_feed_enabled": false,
                "change_feed_retention_in_days": 0,
                "container_delete_retention_policy": [],
                "cors_rule": [],
                "default_service_version": "",
                "delete_retention_policy": [],
                "last_access_time_enabled": false,
                "restore_policy": [],
                "versioning_enabled": false
              }
            ],
            "cross_tenant_replication_enabled": true,
            "custom_domain": [],
            "customer_managed_key": [],
            "default_to_oauth_authentication": false,
            "edge_zone": "",
            "enable_https_traffic_only": true,
            "id": "/subscriptions/b0d6d148-4d63-490c-ac5b-eb3effc3a558/resourceGroups/N01551957-RG/providers/Microsoft.Storage/storageAccounts/n01551957joseph",
            "identity": [],
            "immutability_policy": [],
            "infrastructure_encryption_enabled": false,
            "is_hns_enabled": false,
            "large_file_share_enabled": null,
            "location": "canadacentral",
            "min_tls_version": "TLS1_2",
            "name": "n01551957joseph",
            "network_rules": [
              {
                "bypass": [
                  "AzureServices"
                ],
                "default_action": "Allow",
                "ip_rules": [],
                "private_link_access": [],
                "virtual_network_subnet_ids": []
              }
            ],
            "nfsv3_enabled": false,
            "primary_access_key": "SMtMwBSUFhH2mj0/6gNko9yzc6xtvPxjXANecqfUUDPaJgRMeXqZR76vAAwOAruaKSvg3cCnls2K+ASt1TG6tA==",
            "primary_blob_connection_string": "DefaultEndpointsProtocol=https;BlobEndpoint=https://n01551957joseph.blob.core.windows.net/;AccountName=n01551957joseph;AccountKey=SMtMwBSUFhH2mj0/6gNko9yzc6xtvPxjXANecqfUUDPaJgRMeXqZR76vAAwOAruaKSvg3cCnls2K+ASt1TG6tA==",
            "primary_blob_endpoint": "https://n01551957joseph.blob.core.windows.net/",
            "primary_blob_host": "n01551957joseph.blob.core.windows.net",
            "primary_connection_string": "DefaultEndpointsProtocol=https;AccountName=n01551957joseph;AccountKey=SMtMwBSUFhH2mj0/6gNko9yzc6xtvPxjXANecqfUUDPaJgRMeXqZR76vAAwOAruaKSvg3cCnls2K+ASt1TG6tA==;EndpointSuffix=core.windows.net",
            "primary_dfs_endpoint": "https://n01551957joseph.dfs.core.windows.net/",
            "primary_dfs_host": "n01551957joseph.dfs.core.windows.net",
            "primary_file_endpoint": "https://n01551957joseph.file.core.windows.net/",
            "primary_file_host": "n01551957joseph.file.core.windows.net",
            "primary_location": "canadacentral",
            "primary_queue_endpoint": "https://n01551957joseph.queue.core.windows.net/",
            "primary_queue_host": "n01551957joseph.queue.core.windows.net",
            "primary_table_endpoint": "https://n01551957joseph.table.core.windows.net/",
            "primary_table_host": "n01551957joseph.table.core.windows.net",
            "primary_web_endpoint": "https://n01551957joseph.z9.web.core.windows.net/",
            "primary_web_host": "n01551957joseph.z9.web.core.windows.net",
            "public_network_access_enabled": true,
            "queue_encryption_key_type": "Service",
            "queue_properties": [
              {
                "cors_rule": [],
                "hour_metrics": [
                  {
                    "enabled": true,
                    "include_apis": true,
                    "retention_policy_days": 7,
                    "version": "1.0"
                  }
                ],
                "logging": [
                  {
                    "delete": false,
                    "read": false,
                    "retention_policy_days": 0,
                    "version": "1.0",
                    "write": false
                  }
                ],
                "minute_metrics": [
                  {
                    "enabled": false,
                    "include_apis": false,
                    "retention_policy_days": 0,
                    "version": "1.0"
                  }
                ]
              }
            ],
            "resource_group_name": "N01551957-RG",
            "routing": [],
            "sas_policy": [],
            "secondary_access_key": "xris9pyAIqr4AXj0QdJ9hqe51CpySK5fehM8ZhHW5Wvok80dABuf0WcPGKpQ8CzkYMCUDg7o1aAo+AStawqGjA==",
            "secondary_blob_connection_string": "",
            "secondary_blob_endpoint": null,
            "secondary_blob_host": null,
            "secondary_connection_string": "DefaultEndpointsProtocol=https;AccountName=n01551957joseph;AccountKey=xris9pyAIqr4AXj0QdJ9hqe51CpySK5fehM8ZhHW5Wvok80dABuf0WcPGKpQ8CzkYMCUDg7o1aAo+AStawqGjA==;EndpointSuffix=core.windows.net",
            "secondary_dfs_endpoint": null,
            "secondary_dfs_host": null,
            "secondary_file_endpoint": null,
            "secondary_file_host": null,
            "secondary_location": "",
            "secondary_queue_endpoint": null,
            "secondary_queue_host": null,
            "secondary_table_endpoint": null,
            "secondary_table_host": null,
            "secondary_web_endpoint": null,
            "secondary_web_host": null,
            "sftp_enabled": false,
            "share_properties": [
              {
                "cors_rule": [],
                "retention_policy": [
                  {
                    "days": 7
                  }
                ],
                "smb": []
              }
            ],
            "shared_access_key_enabled": true,
            "static_website": [],
            "table_encryption_key_type": "Service",
            "tags": {
              "environment": "staging"
            },
            "timeouts": null
          },
          "sensitive_attributes": [],
          "private": "eyJlMmJmYjczMC1lY2FhLTExZTYtOGY4OC0zNDM2M2JjN2M0YzAiOnsiY3JlYXRlIjozNjAwMDAwMDAwMDAwLCJkZWxldGUiOjM2MDAwMDAwMDAwMDAsInJlYWQiOjMwMDAwMDAwMDAwMCwidXBkYXRlIjozNjAwMDAwMDAwMDAwfSwic2NoZW1hX3ZlcnNpb24iOiIzIn0=",
          "dependencies": [
            "module.rgroup-N01551957.azurerm_resource_group.N01551957-RG"
          ]
        }
      ]
    },
    {
      "module": "module.network-N01551957",
      "mode": "managed",
      "type": "azurerm_network_security_group",
      "name": "N01551957-SECURITY-GROUP",
      "provider": "provider[\"registry.terraform.io/hashicorp/azurerm\"]",
      "instances": [
        {
          "schema_version": 0,
          "attributes": {
            "id": "/subscriptions/b0d6d148-4d63-490c-ac5b-eb3effc3a558/resourceGroups/N01551957-RG/providers/Microsoft.Network/networkSecurityGroups/nsg",
            "location": "canadacentral",
            "name": "nsg",
            "resource_group_name": "N01551957-RG",
            "security_rule": [
              {
                "access": "Allow",
                "description": "",
                "destination_address_prefix": "*",
                "destination_address_prefixes": [],
                "destination_application_security_group_ids": [],
                "destination_port_range": "22",
                "destination_port_ranges": [],
                "direction": "Inbound",
                "name": "rule1",
                "priority": 100,
                "protocol": "Tcp",
                "source_address_prefix": "*",
                "source_address_prefixes": [],
                "source_application_security_group_ids": [],
                "source_port_range": "*",
                "source_port_ranges": []
              },
              {
                "access": "Allow",
                "description": "",
                "destination_address_prefix": "*",
                "destination_address_prefixes": [],
                "destination_application_security_group_ids": [],
                "destination_port_range": "3389",
                "destination_port_ranges": [],
                "direction": "Inbound",
                "name": "rule2",
                "priority": 101,
                "protocol": "Tcp",
                "source_address_prefix": "*",
                "source_address_prefixes": [],
                "source_application_security_group_ids": [],
                "source_port_range": "*",
                "source_port_ranges": []
              },
              {
                "access": "Allow",
                "description": "",
                "destination_address_prefix": "*",
                "destination_address_prefixes": [],
                "destination_application_security_group_ids": [],
                "destination_port_range": "5985",
                "destination_port_ranges": [],
                "direction": "Inbound",
                "name": "rule3",
                "priority": 102,
                "protocol": "Tcp",
                "source_address_prefix": "*",
                "source_address_prefixes": [],
                "source_application_security_group_ids": [],
                "source_port_range": "*",
                "source_port_ranges": []
              },
              {
                "access": "Allow",
                "description": "",
                "destination_address_prefix": "*",
                "destination_address_prefixes": [],
                "destination_application_security_group_ids": [],
                "destination_port_range": "80",
                "destination_port_ranges": [],
                "direction": "Inbound",
                "name": "rule4",
                "priority": 103,
                "protocol": "Tcp",
                "source_address_prefix": "*",
                "source_address_prefixes": [],
                "source_application_security_group_ids": [],
                "source_port_range": "*",
                "source_port_ranges": []
              }
            ],
            "tags": {
              "environment": "Production"
            },
            "timeouts": null
          },
          "sensitive_attributes": [],
          "private": "eyJlMmJmYjczMC1lY2FhLTExZTYtOGY4OC0zNDM2M2JjN2M0YzAiOnsiY3JlYXRlIjoxODAwMDAwMDAwMDAwLCJkZWxldGUiOjE4MDAwMDAwMDAwMDAsInJlYWQiOjMwMDAwMDAwMDAwMCwidXBkYXRlIjoxODAwMDAwMDAwMDAwfX0=",
          "dependencies": [
            "module.rgroup-N01551957.azurerm_resource_group.N01551957-RG"
          ]
        }
      ]
    },
    {
      "module": "module.network-N01551957",
      "mode": "managed",
      "type": "azurerm_subnet",
      "name": "N01551957-SUBNET",
      "provider": "provider[\"registry.terraform.io/hashicorp/azurerm\"]",
      "instances": [
        {
          "schema_version": 0,
          "attributes": {
            "address_prefixes": [
              "10.0.1.0/24"
            ],
            "delegation": [],
            "enforce_private_link_endpoint_network_policies": false,
            "enforce_private_link_service_network_policies": false,
            "id": "/subscriptions/b0d6d148-4d63-490c-ac5b-eb3effc3a558/resourceGroups/N01551957-RG/providers/Microsoft.Network/virtualNetworks/vnet-assignment1-N01551957/subnets/subnet",
            "name": "subnet",
            "private_endpoint_network_policies_enabled": true,
            "private_link_service_network_policies_enabled": true,
            "resource_group_name": "N01551957-RG",
            "service_endpoint_policy_ids": [],
            "service_endpoints": [],
            "timeouts": null,
            "virtual_network_name": "vnet-assignment1-N01551957"
          },
          "sensitive_attributes": [],
          "private": "eyJlMmJmYjczMC1lY2FhLTExZTYtOGY4OC0zNDM2M2JjN2M0YzAiOnsiY3JlYXRlIjoxODAwMDAwMDAwMDAwLCJkZWxldGUiOjE4MDAwMDAwMDAwMDAsInJlYWQiOjMwMDAwMDAwMDAwMCwidXBkYXRlIjoxODAwMDAwMDAwMDAwfX0=",
          "dependencies": [
            "module.network-N01551957.azurerm_virtual_network.N01551957-VNET",
            "module.rgroup-N01551957.azurerm_resource_group.N01551957-RG"
          ]
        }
      ]
    },
    {
      "module": "module.network-N01551957",
      "mode": "managed",
      "type": "azurerm_subnet_network_security_group_association",
      "name": "N01551957-NSGA",
      "provider": "provider[\"registry.terraform.io/hashicorp/azurerm\"]",
      "instances": [
        {
          "schema_version": 0,
          "attributes": {
            "id": "/subscriptions/b0d6d148-4d63-490c-ac5b-eb3effc3a558/resourceGroups/N01551957-RG/providers/Microsoft.Network/virtualNetworks/vnet-assignment1-N01551957/subnets/subnet",
            "network_security_group_id": "/subscriptions/b0d6d148-4d63-490c-ac5b-eb3effc3a558/resourceGroups/N01551957-RG/providers/Microsoft.Network/networkSecurityGroups/nsg",
            "subnet_id": "/subscriptions/b0d6d148-4d63-490c-ac5b-eb3effc3a558/resourceGroups/N01551957-RG/providers/Microsoft.Network/virtualNetworks/vnet-assignment1-N01551957/subnets/subnet",
            "timeouts": null
          },
          "sensitive_attributes": [],
          "private": "eyJlMmJmYjczMC1lY2FhLTExZTYtOGY4OC0zNDM2M2JjN2M0YzAiOnsiY3JlYXRlIjoxODAwMDAwMDAwMDAwLCJkZWxldGUiOjE4MDAwMDAwMDAwMDAsInJlYWQiOjMwMDAwMDAwMDAwMCwidXBkYXRlIjoxODAwMDAwMDAwMDAwfX0=",
          "dependencies": [
            "module.network-N01551957.azurerm_network_security_group.N01551957-SECURITY-GROUP",
            "module.network-N01551957.azurerm_subnet.N01551957-SUBNET",
            "module.network-N01551957.azurerm_virtual_network.N01551957-VNET",
            "module.rgroup-N01551957.azurerm_resource_group.N01551957-RG"
          ]
        }
      ]
    },
    {
      "module": "module.network-N01551957",
      "mode": "managed",
      "type": "azurerm_virtual_network",
      "name": "N01551957-VNET",
      "provider": "provider[\"registry.terraform.io/hashicorp/azurerm\"]",
      "instances": [
        {
          "schema_version": 0,
          "attributes": {
            "address_space": [
              "10.0.0.0/16"
            ],
            "bgp_community": "",
            "ddos_protection_plan": [],
            "dns_servers": [],
            "edge_zone": "",
            "flow_timeout_in_minutes": 0,
            "guid": "a093d482-15f6-475b-916a-e64f932bb096",
            "id": "/subscriptions/b0d6d148-4d63-490c-ac5b-eb3effc3a558/resourceGroups/N01551957-RG/providers/Microsoft.Network/virtualNetworks/vnet-assignment1-N01551957",
            "location": "canadacentral",
            "name": "vnet-assignment1-N01551957",
            "resource_group_name": "N01551957-RG",
            "subnet": [
              {
                "address_prefix": "10.0.1.0/24",
                "id": "/subscriptions/b0d6d148-4d63-490c-ac5b-eb3effc3a558/resourceGroups/N01551957-RG/providers/Microsoft.Network/virtualNetworks/vnet-assignment1-N01551957/subnets/subnet",
                "name": "subnet",
                "security_group": ""
              }
            ],
            "tags": {},
            "timeouts": null
          },
          "sensitive_attributes": [],
          "private": "eyJlMmJmYjczMC1lY2FhLTExZTYtOGY4OC0zNDM2M2JjN2M0YzAiOnsiY3JlYXRlIjoxODAwMDAwMDAwMDAwLCJkZWxldGUiOjE4MDAwMDAwMDAwMDAsInJlYWQiOjMwMDAwMDAwMDAwMCwidXBkYXRlIjoxODAwMDAwMDAwMDAwfX0=",
          "dependencies": [
            "module.rgroup-N01551957.azurerm_resource_group.N01551957-RG"
          ]
        }
      ]
    },
    {
      "module": "module.rgroup-N01551957",
      "mode": "managed",
      "type": "azurerm_resource_group",
      "name": "N01551957-RG",
      "provider": "provider[\"registry.terraform.io/hashicorp/azurerm\"]",
      "instances": [
        {
          "schema_version": 0,
          "attributes": {
            "id": "/subscriptions/b0d6d148-4d63-490c-ac5b-eb3effc3a558/resourceGroups/N01551957-RG",
            "location": "canadacentral",
            "name": "N01551957-RG",
            "tags": {},
            "timeouts": null
          },
          "sensitive_attributes": [],
          "private": "eyJlMmJmYjczMC1lY2FhLTExZTYtOGY4OC0zNDM2M2JjN2M0YzAiOnsiY3JlYXRlIjo1NDAwMDAwMDAwMDAwLCJkZWxldGUiOjU0MDAwMDAwMDAwMDAsInJlYWQiOjMwMDAwMDAwMDAwMCwidXBkYXRlIjo1NDAwMDAwMDAwMDAwfX0="
        }
      ]
    }
  ],
  "check_results": null
}
