{
  "version": 4,
  "terraform_version": "1.6.6",
  "serial": 96,
  "lineage": "861a64ae-0fe8-774d-f621-6529bb0a269a",
  "outputs": {
    "CentOS_private_ips": {
      "value": [
        "10.0.1.6",
        "10.0.1.4",
        "10.0.1.5"
      ],
      "type": [
        "tuple",
        [
          "string",
          "string",
          "string"
        ]
      ]
    },
    "CentOS_public_ips": {
      "value": [
        "52.233.63.185",
        "52.237.13.60",
        "52.237.23.170"
      ],
      "type": [
        "tuple",
        [
          "string",
          "string",
          "string"
        ]
      ]
    },
    "CentOS_virtual_network_names": {
      "value": [
        "CentOS_nic-centos-vm1",
        "CentOS_nic-centos-vm2",
        "CentOS_nic-centos-vm3"
      ],
      "type": [
        "tuple",
        [
          "string",
          "string",
          "string"
        ]
      ]
    },
    "CentOS_vm_FQDNs": {
      "value": [
        "n01551957-c-vm-centos-vm1.canadacentral.cloudapp.azure.com",
        "n01551957-c-vm-centos-vm2.canadacentral.cloudapp.azure.com",
        "n01551957-c-vm-centos-vm3.canadacentral.cloudapp.azure.com"
      ],
      "type": [
        "tuple",
        [
          "string",
          "string",
          "string"
        ]
      ]
    },
    "CentOS_vm_hostnames": {
      "value": [
        "vmlinux-CentOS-centos-vm1",
        "vmlinux-CentOS-centos-vm2",
        "vmlinux-CentOS-centos-vm3"
      ],
      "type": [
        "tuple",
        [
          "string",
          "string",
          "string"
        ]
      ]
    },
    "CentOS_vm_linux_availability": {
      "value": "linux_avs",
      "type": "string"
    },
    "common-N01551957_LAW-N01551957_name": {
      "value": "acctest",
      "type": "string"
    },
    "common-N01551957_RSV-N01551957_name": {
      "value": "N01551957recoveryvault",
      "type": "string"
    },
    "common-N01551957_SA-N01551957_name": {
      "value": "n01551957joseph",
      "type": "string"
    },
    "network-N01551957_network-subnet_name": {
      "value": "subnet",
      "type": "string"
    },
    "network-N01551957_network-vnet_name": {
      "value": "vnet-assignment1-N01551957",
      "type": "string"
    },
    "resource_group_N01551957-RG_location": {
      "value": "canadacentral",
      "type": "string"
    },
    "resource_group_N01551957-RG_name": {
      "value": "N01551957-RG",
      "type": "string"
    }
  },
  "resources": [
    {
      "module": "module.common-N01551957",
      "mode": "managed",
      "type": "azurerm_log_analytics_workspace",
      "name": "LAW-N01551957",
      "provider": "provider[\"registry.terraform.io/hashicorp/azurerm\"]",
      "instances": [
        {
          "schema_version": 3,
          "attributes": {
            "allow_resource_only_permissions": true,
            "cmk_for_query_forced": false,
            "daily_quota_gb": -1,
            "id": "/subscriptions/b0d6d148-4d63-490c-ac5b-eb3effc3a558/resourceGroups/N01551957-RG/providers/Microsoft.OperationalInsights/workspaces/acctest",
            "internet_ingestion_enabled": true,
            "internet_query_enabled": true,
            "local_authentication_disabled": false,
            "location": "canadacentral",
            "name": "acctest",
            "primary_shared_key": "eglpZeFOSx+oUHl6fGJNNmx7jm4vp+euh6IgvSqm/X4zRZ80411vRW88i6Rw+8tyVn02yGyU8q2UG4+3cBDOfw==",
            "reservation_capacity_in_gb_per_day": null,
            "resource_group_name": "N01551957-RG",
            "retention_in_days": 30,
            "secondary_shared_key": "YJ+PCqCsS5nuPh/0q2Os/d9nywxuPkqz6VnUjOa6Ou6qACmGGYhIKzwkSIyCySRERgIh/b48oNmbQEYSGfcIbw==",
            "sku": "PerGB2018",
            "tags": {},
            "timeouts": null,
            "workspace_id": "ca86f987-ce0a-4d5f-9e58-5345dc755884"
          },
          "sensitive_attributes": [],
          "private": "eyJlMmJmYjczMC1lY2FhLTExZTYtOGY4OC0zNDM2M2JjN2M0YzAiOnsiY3JlYXRlIjoxODAwMDAwMDAwMDAwLCJkZWxldGUiOjE4MDAwMDAwMDAwMDAsInJlYWQiOjMwMDAwMDAwMDAwMCwidXBkYXRlIjoxODAwMDAwMDAwMDAwfSwic2NoZW1hX3ZlcnNpb24iOiIzIn0=",
          "dependencies": [
            "module.rgroup-N01551957.azurerm_resource_group.N01551957-RG"
          ]
        }
      ]
    },
    {
      "module": "module.common-N01551957",
      "mode": "managed",
      "type": "azurerm_recovery_services_vault",
      "name": "RSV-N01551957",
      "provider": "provider[\"registry.terraform.io/hashicorp/azurerm\"]",
      "instances": [
        {
          "schema_version": 0,
          "attributes": {
            "classic_vmware_replication_enabled": null,
            "cross_region_restore_enabled": false,
            "encryption": [],
            "id": "/subscriptions/b0d6d148-4d63-490c-ac5b-eb3effc3a558/resourceGroups/N01551957-RG/providers/Microsoft.RecoveryServices/vaults/N01551957recoveryvault",
            "identity": [],
            "immutability": null,
            "location": "canadacentral",
            "name": "N01551957recoveryvault",
            "public_network_access_enabled": true,
            "resource_group_name": "N01551957-RG",
            "sku": "Standard",
            "soft_delete_enabled": true,
            "storage_mode_type": "GeoRedundant",
            "tags": {},
            "timeouts": null
          },
          "sensitive_attributes": [],
          "private": "eyJlMmJmYjczMC1lY2FhLTExZTYtOGY4OC0zNDM2M2JjN2M0YzAiOnsiY3JlYXRlIjo3MjAwMDAwMDAwMDAwLCJkZWxldGUiOjE4MDAwMDAwMDAwMDAsInJlYWQiOjMwMDAwMDAwMDAwMCwidXBkYXRlIjozNjAwMDAwMDAwMDAwfX0=",
          "dependencies": [
            "module.rgroup-N01551957.azurerm_resource_group.N01551957-RG"
          ]
        }
      ]
    },
    {
      "module": "module.common-N01551957",
      "mode": "managed",
      "type": "azurerm_storage_account",
      "name": "SA-N01551957",
      "provider": "provider[\"registry.terraform.io/hashicorp/azurerm\"]",
      "instances": [
        {
          "schema_version": 3,
          "attributes": {
            "access_tier": "Hot",
            "account_kind": "StorageV2",
            "account_replication_type": "LRS",
            "account_tier": "Standard",
            "allow_nested_items_to_be_public": true,
            "allowed_copy_scope": "",
            "azure_files_authentication": [],
            "blob_properties": [
              {
                "change_feed_enabled": false,
                "change_feed_retention_in_days": 0,
                "container_delete_retention_policy": [],
                "cors_rule": [],
                "default_service_version": "",
                "delete_retention_policy": [],
                "last_access_time_enabled": false,
                "restore_policy": [],
                "versioning_enabled": false
              }
            ],
            "cross_tenant_replication_enabled": true,
            "custom_domain": [],
            "customer_managed_key": [],
            "default_to_oauth_authentication": false,
            "edge_zone": "",
            "enable_https_traffic_only": true,
            "id": "/subscriptions/b0d6d148-4d63-490c-ac5b-eb3effc3a558/resourceGroups/N01551957-RG/providers/Microsoft.Storage/storageAccounts/n01551957joseph",
            "identity": [],
            "immutability_policy": [],
            "infrastructure_encryption_enabled": false,
            "is_hns_enabled": false,
            "large_file_share_enabled": null,
            "location": "canadacentral",
            "min_tls_version": "TLS1_2",
            "name": "n01551957joseph",
            "network_rules": [
              {
                "bypass": [
                  "AzureServices"
                ],
                "default_action": "Allow",
                "ip_rules": [],
                "private_link_access": [],
                "virtual_network_subnet_ids": []
              }
            ],
            "nfsv3_enabled": false,
            "primary_access_key": "kUSRl5tJ8QAmbfNyTl5uwzU/qRwR7nFejdtyAQ6f9R50rn/EpPB4EfqmDRU1aK3PsJ0dnhJg9pUg+AStxjDH1Q==",
            "primary_blob_connection_string": "DefaultEndpointsProtocol=https;BlobEndpoint=https://n01551957joseph.blob.core.windows.net/;AccountName=n01551957joseph;AccountKey=kUSRl5tJ8QAmbfNyTl5uwzU/qRwR7nFejdtyAQ6f9R50rn/EpPB4EfqmDRU1aK3PsJ0dnhJg9pUg+AStxjDH1Q==",
            "primary_blob_endpoint": "https://n01551957joseph.blob.core.windows.net/",
            "primary_blob_host": "n01551957joseph.blob.core.windows.net",
            "primary_connection_string": "DefaultEndpointsProtocol=https;AccountName=n01551957joseph;AccountKey=kUSRl5tJ8QAmbfNyTl5uwzU/qRwR7nFejdtyAQ6f9R50rn/EpPB4EfqmDRU1aK3PsJ0dnhJg9pUg+AStxjDH1Q==;EndpointSuffix=core.windows.net",
            "primary_dfs_endpoint": "https://n01551957joseph.dfs.core.windows.net/",
            "primary_dfs_host": "n01551957joseph.dfs.core.windows.net",
            "primary_file_endpoint": "https://n01551957joseph.file.core.windows.net/",
            "primary_file_host": "n01551957joseph.file.core.windows.net",
            "primary_location": "canadacentral",
            "primary_queue_endpoint": "https://n01551957joseph.queue.core.windows.net/",
            "primary_queue_host": "n01551957joseph.queue.core.windows.net",
            "primary_table_endpoint": "https://n01551957joseph.table.core.windows.net/",
            "primary_table_host": "n01551957joseph.table.core.windows.net",
            "primary_web_endpoint": "https://n01551957joseph.z9.web.core.windows.net/",
            "primary_web_host": "n01551957joseph.z9.web.core.windows.net",
            "public_network_access_enabled": true,
            "queue_encryption_key_type": "Service",
            "queue_properties": [
              {
                "cors_rule": [],
                "hour_metrics": [
                  {
                    "enabled": true,
                    "include_apis": true,
                    "retention_policy_days": 7,
                    "version": "1.0"
                  }
                ],
                "logging": [
                  {
                    "delete": false,
                    "read": false,
                    "retention_policy_days": 0,
                    "version": "1.0",
                    "write": false
                  }
                ],
                "minute_metrics": [
                  {
                    "enabled": false,
                    "include_apis": false,
                    "retention_policy_days": 0,
                    "version": "1.0"
                  }
                ]
              }
            ],
            "resource_group_name": "N01551957-RG",
            "routing": [],
            "sas_policy": [],
            "secondary_access_key": "zv9NTjq2GPGIpiS1fI897DOEg5BYinMtMIPDiFOznfM4mBVQ8PGiUyTBuGV4Z83ah2JNw0TZhDG3+ASt/1aXwg==",
            "secondary_blob_connection_string": "",
            "secondary_blob_endpoint": null,
            "secondary_blob_host": null,
            "secondary_connection_string": "DefaultEndpointsProtocol=https;AccountName=n01551957joseph;AccountKey=zv9NTjq2GPGIpiS1fI897DOEg5BYinMtMIPDiFOznfM4mBVQ8PGiUyTBuGV4Z83ah2JNw0TZhDG3+ASt/1aXwg==;EndpointSuffix=core.windows.net",
            "secondary_dfs_endpoint": null,
            "secondary_dfs_host": null,
            "secondary_file_endpoint": null,
            "secondary_file_host": null,
            "secondary_location": "",
            "secondary_queue_endpoint": null,
            "secondary_queue_host": null,
            "secondary_table_endpoint": null,
            "secondary_table_host": null,
            "secondary_web_endpoint": null,
            "secondary_web_host": null,
            "sftp_enabled": false,
            "share_properties": [
              {
                "cors_rule": [],
                "retention_policy": [
                  {
                    "days": 7
                  }
                ],
                "smb": []
              }
            ],
            "shared_access_key_enabled": true,
            "static_website": [],
            "table_encryption_key_type": "Service",
            "tags": {
              "environment": "staging"
            },
            "timeouts": null
          },
          "sensitive_attributes": [],
          "private": "eyJlMmJmYjczMC1lY2FhLTExZTYtOGY4OC0zNDM2M2JjN2M0YzAiOnsiY3JlYXRlIjozNjAwMDAwMDAwMDAwLCJkZWxldGUiOjM2MDAwMDAwMDAwMDAsInJlYWQiOjMwMDAwMDAwMDAwMCwidXBkYXRlIjozNjAwMDAwMDAwMDAwfSwic2NoZW1hX3ZlcnNpb24iOiIzIn0=",
          "dependencies": [
            "module.rgroup-N01551957.azurerm_resource_group.N01551957-RG"
          ]
        }
      ]
    },
    {
      "module": "module.network-N01551957",
      "mode": "managed",
      "type": "azurerm_network_security_group",
      "name": "N01551957-SECURITY-GROUP",
      "provider": "provider[\"registry.terraform.io/hashicorp/azurerm\"]",
      "instances": [
        {
          "schema_version": 0,
          "attributes": {
            "id": "/subscriptions/b0d6d148-4d63-490c-ac5b-eb3effc3a558/resourceGroups/N01551957-RG/providers/Microsoft.Network/networkSecurityGroups/nsg",
            "location": "canadacentral",
            "name": "nsg",
            "resource_group_name": "N01551957-RG",
            "security_rule": [
              {
                "access": "Allow",
                "description": "",
                "destination_address_prefix": "*",
                "destination_address_prefixes": [],
                "destination_application_security_group_ids": [],
                "destination_port_range": "22",
                "destination_port_ranges": [],
                "direction": "Inbound",
                "name": "rule1",
                "priority": 100,
                "protocol": "Tcp",
                "source_address_prefix": "*",
                "source_address_prefixes": [],
                "source_application_security_group_ids": [],
                "source_port_range": "*",
                "source_port_ranges": []
              },
              {
                "access": "Allow",
                "description": "",
                "destination_address_prefix": "*",
                "destination_address_prefixes": [],
                "destination_application_security_group_ids": [],
                "destination_port_range": "3389",
                "destination_port_ranges": [],
                "direction": "Inbound",
                "name": "rule2",
                "priority": 101,
                "protocol": "Tcp",
                "source_address_prefix": "*",
                "source_address_prefixes": [],
                "source_application_security_group_ids": [],
                "source_port_range": "*",
                "source_port_ranges": []
              },
              {
                "access": "Allow",
                "description": "",
                "destination_address_prefix": "*",
                "destination_address_prefixes": [],
                "destination_application_security_group_ids": [],
                "destination_port_range": "5985",
                "destination_port_ranges": [],
                "direction": "Inbound",
                "name": "rule3",
                "priority": 102,
                "protocol": "Tcp",
                "source_address_prefix": "*",
                "source_address_prefixes": [],
                "source_application_security_group_ids": [],
                "source_port_range": "*",
                "source_port_ranges": []
              },
              {
                "access": "Allow",
                "description": "",
                "destination_address_prefix": "*",
                "destination_address_prefixes": [],
                "destination_application_security_group_ids": [],
                "destination_port_range": "80",
                "destination_port_ranges": [],
                "direction": "Inbound",
                "name": "rule4",
                "priority": 103,
                "protocol": "Tcp",
                "source_address_prefix": "*",
                "source_address_prefixes": [],
                "source_application_security_group_ids": [],
                "source_port_range": "*",
                "source_port_ranges": []
              }
            ],
            "tags": {
              "environment": "Production"
            },
            "timeouts": null
          },
          "sensitive_attributes": [],
          "private": "eyJlMmJmYjczMC1lY2FhLTExZTYtOGY4OC0zNDM2M2JjN2M0YzAiOnsiY3JlYXRlIjoxODAwMDAwMDAwMDAwLCJkZWxldGUiOjE4MDAwMDAwMDAwMDAsInJlYWQiOjMwMDAwMDAwMDAwMCwidXBkYXRlIjoxODAwMDAwMDAwMDAwfX0=",
          "dependencies": [
            "module.rgroup-N01551957.azurerm_resource_group.N01551957-RG"
          ]
        }
      ]
    },
    {
      "module": "module.network-N01551957",
      "mode": "managed",
      "type": "azurerm_subnet",
      "name": "N01551957-SUBNET",
      "provider": "provider[\"registry.terraform.io/hashicorp/azurerm\"]",
      "instances": [
        {
          "schema_version": 0,
          "attributes": {
            "address_prefixes": [
              "10.0.1.0/24"
            ],
            "delegation": [],
            "enforce_private_link_endpoint_network_policies": false,
            "enforce_private_link_service_network_policies": false,
            "id": "/subscriptions/b0d6d148-4d63-490c-ac5b-eb3effc3a558/resourceGroups/N01551957-RG/providers/Microsoft.Network/virtualNetworks/vnet-assignment1-N01551957/subnets/subnet",
            "name": "subnet",
            "private_endpoint_network_policies_enabled": true,
            "private_link_service_network_policies_enabled": true,
            "resource_group_name": "N01551957-RG",
            "service_endpoint_policy_ids": [],
            "service_endpoints": [],
            "timeouts": null,
            "virtual_network_name": "vnet-assignment1-N01551957"
          },
          "sensitive_attributes": [],
          "private": "eyJlMmJmYjczMC1lY2FhLTExZTYtOGY4OC0zNDM2M2JjN2M0YzAiOnsiY3JlYXRlIjoxODAwMDAwMDAwMDAwLCJkZWxldGUiOjE4MDAwMDAwMDAwMDAsInJlYWQiOjMwMDAwMDAwMDAwMCwidXBkYXRlIjoxODAwMDAwMDAwMDAwfX0=",
          "dependencies": [
            "module.network-N01551957.azurerm_virtual_network.N01551957-VNET",
            "module.rgroup-N01551957.azurerm_resource_group.N01551957-RG"
          ]
        }
      ]
    },
    {
      "module": "module.network-N01551957",
      "mode": "managed",
      "type": "azurerm_subnet_network_security_group_association",
      "name": "N01551957-NSGA",
      "provider": "provider[\"registry.terraform.io/hashicorp/azurerm\"]",
      "instances": [
        {
          "schema_version": 0,
          "attributes": {
            "id": "/subscriptions/b0d6d148-4d63-490c-ac5b-eb3effc3a558/resourceGroups/N01551957-RG/providers/Microsoft.Network/virtualNetworks/vnet-assignment1-N01551957/subnets/subnet",
            "network_security_group_id": "/subscriptions/b0d6d148-4d63-490c-ac5b-eb3effc3a558/resourceGroups/N01551957-RG/providers/Microsoft.Network/networkSecurityGroups/nsg",
            "subnet_id": "/subscriptions/b0d6d148-4d63-490c-ac5b-eb3effc3a558/resourceGroups/N01551957-RG/providers/Microsoft.Network/virtualNetworks/vnet-assignment1-N01551957/subnets/subnet",
            "timeouts": null
          },
          "sensitive_attributes": [],
          "private": "eyJlMmJmYjczMC1lY2FhLTExZTYtOGY4OC0zNDM2M2JjN2M0YzAiOnsiY3JlYXRlIjoxODAwMDAwMDAwMDAwLCJkZWxldGUiOjE4MDAwMDAwMDAwMDAsInJlYWQiOjMwMDAwMDAwMDAwMCwidXBkYXRlIjoxODAwMDAwMDAwMDAwfX0=",
          "dependencies": [
            "module.network-N01551957.azurerm_network_security_group.N01551957-SECURITY-GROUP",
            "module.network-N01551957.azurerm_subnet.N01551957-SUBNET",
            "module.network-N01551957.azurerm_virtual_network.N01551957-VNET",
            "module.rgroup-N01551957.azurerm_resource_group.N01551957-RG"
          ]
        }
      ]
    },
    {
      "module": "module.network-N01551957",
      "mode": "managed",
      "type": "azurerm_virtual_network",
      "name": "N01551957-VNET",
      "provider": "provider[\"registry.terraform.io/hashicorp/azurerm\"]",
      "instances": [
        {
          "schema_version": 0,
          "attributes": {
            "address_space": [
              "10.0.0.0/16"
            ],
            "bgp_community": "",
            "ddos_protection_plan": [],
            "dns_servers": [],
            "edge_zone": "",
            "flow_timeout_in_minutes": 0,
            "guid": "4e24204b-f2f8-456b-9aa5-6091ca692ffa",
            "id": "/subscriptions/b0d6d148-4d63-490c-ac5b-eb3effc3a558/resourceGroups/N01551957-RG/providers/Microsoft.Network/virtualNetworks/vnet-assignment1-N01551957",
            "location": "canadacentral",
            "name": "vnet-assignment1-N01551957",
            "resource_group_name": "N01551957-RG",
            "subnet": [
              {
                "address_prefix": "10.0.1.0/24",
                "id": "/subscriptions/b0d6d148-4d63-490c-ac5b-eb3effc3a558/resourceGroups/N01551957-RG/providers/Microsoft.Network/virtualNetworks/vnet-assignment1-N01551957/subnets/subnet",
                "name": "subnet",
                "security_group": "/subscriptions/b0d6d148-4d63-490c-ac5b-eb3effc3a558/resourceGroups/N01551957-RG/providers/Microsoft.Network/networkSecurityGroups/nsg"
              }
            ],
            "tags": {},
            "timeouts": null
          },
          "sensitive_attributes": [],
          "private": "eyJlMmJmYjczMC1lY2FhLTExZTYtOGY4OC0zNDM2M2JjN2M0YzAiOnsiY3JlYXRlIjoxODAwMDAwMDAwMDAwLCJkZWxldGUiOjE4MDAwMDAwMDAwMDAsInJlYWQiOjMwMDAwMDAwMDAwMCwidXBkYXRlIjoxODAwMDAwMDAwMDAwfX0=",
          "dependencies": [
            "module.rgroup-N01551957.azurerm_resource_group.N01551957-RG"
          ]
        }
      ]
    },
    {
      "module": "module.rgroup-N01551957",
      "mode": "managed",
      "type": "azurerm_resource_group",
      "name": "N01551957-RG",
      "provider": "provider[\"registry.terraform.io/hashicorp/azurerm\"]",
      "instances": [
        {
          "schema_version": 0,
          "attributes": {
            "id": "/subscriptions/b0d6d148-4d63-490c-ac5b-eb3effc3a558/resourceGroups/N01551957-RG",
            "location": "canadacentral",
            "name": "N01551957-RG",
            "tags": {},
            "timeouts": null
          },
          "sensitive_attributes": [],
          "private": "eyJlMmJmYjczMC1lY2FhLTExZTYtOGY4OC0zNDM2M2JjN2M0YzAiOnsiY3JlYXRlIjo1NDAwMDAwMDAwMDAwLCJkZWxldGUiOjU0MDAwMDAwMDAwMDAsInJlYWQiOjMwMDAwMDAwMDAwMCwidXBkYXRlIjo1NDAwMDAwMDAwMDAwfX0="
        }
      ]
    },
    {
      "module": "module.vmlinux-N01551957",
      "mode": "managed",
      "type": "azurerm_availability_set",
      "name": "vm-availability-CentOS",
      "provider": "provider[\"registry.terraform.io/hashicorp/azurerm\"]",
      "instances": [
        {
          "schema_version": 0,
          "attributes": {
            "id": "/subscriptions/b0d6d148-4d63-490c-ac5b-eb3effc3a558/resourceGroups/N01551957-RG/providers/Microsoft.Compute/availabilitySets/linux_avs",
            "location": "canadacentral",
            "managed": true,
            "name": "linux_avs",
            "platform_fault_domain_count": 2,
            "platform_update_domain_count": 5,
            "proximity_placement_group_id": null,
            "resource_group_name": "N01551957-RG",
            "tags": {
              "Assignment": "CCGC 5502 Automation Assignment",
              "Environment": "Learning",
              "ExpirationDate": "2024-12-31",
              "Name": "Joseph.Keaveny"
            },
            "timeouts": null
          },
          "sensitive_attributes": [],
          "private": "eyJlMmJmYjczMC1lY2FhLTExZTYtOGY4OC0zNDM2M2JjN2M0YzAiOnsiY3JlYXRlIjoxODAwMDAwMDAwMDAwLCJkZWxldGUiOjE4MDAwMDAwMDAwMDAsInJlYWQiOjMwMDAwMDAwMDAwMCwidXBkYXRlIjoxODAwMDAwMDAwMDAwfX0=",
          "dependencies": [
            "module.rgroup-N01551957.azurerm_resource_group.N01551957-RG"
          ]
        }
      ]
    },
    {
      "module": "module.vmlinux-N01551957",
      "mode": "managed",
      "type": "azurerm_linux_virtual_machine",
      "name": "vmlinux-CentOS",
      "provider": "provider[\"registry.terraform.io/hashicorp/azurerm\"]",
      "instances": [
        {
          "index_key": "centos-vm1",
          "schema_version": 0,
          "attributes": {
            "additional_capabilities": [],
            "admin_password": null,
            "admin_ssh_key": [
              {
                "public_key": "ssh-rsa AAAAB3NzaC1yc2EAAAADAQABAAABgQCun23AE9VKvJzmItpgNdW3p645RMftuvcw1IKSK8eGmnyrMwS+lbvx5cJhN7jjcRIDArQ6A1KTyqkSi3TMGraSaSsylUPckA01dn8kT0x/tSr9M8Ou9/gJry1JB0yxBEGX3lt22fxPQOFOuQnMh/zVLMpuGQIk7CdLiuPqo5Gp0UiZ0nAxezPgCYeaN7XJYavt6iXtsbRwpaCiBc0Z9E/LLBvwkieAQZX0f/U9Jw4xGokKCO1bjDxalpHe08MNiajGhqSHHb+zooGo5KKLRJ9F9XORGyT7VYIzGnmKQ7UtN+KNGhp1PnrjuIRvqwHs6oYUtw1YCN/9fZQMtkw5jkLQ4shQ+mlTHeDTRYuRwfZ//33b1rAwrzWe1bEjC+IECCsPiEeI/IPYayKwP4CR2MWuugs173N9A4FUCqQpVctzPyzhCBu0yooHTUz3RffL6/soQkBlORjsN1a6XK8eiChOJxKl3yU7GIt7S7Ev2X5ZM8nhh7F/Y/cVLcZzOu8/Egk= j@LAPTOP-4UHPSSCK\n",
                "username": "j"
              }
            ],
            "admin_username": "j",
            "allow_extension_operations": true,
            "availability_set_id": "",
            "boot_diagnostics": [],
            "capacity_reservation_group_id": "",
            "computer_name": "computer-name-centos-vm1",
            "custom_data": null,
            "dedicated_host_group_id": "",
            "dedicated_host_id": "",
            "disable_password_authentication": true,
            "edge_zone": "",
            "encryption_at_host_enabled": false,
            "eviction_policy": "",
            "extensions_time_budget": "PT1H30M",
            "gallery_application": [],
            "id": "/subscriptions/b0d6d148-4d63-490c-ac5b-eb3effc3a558/resourceGroups/N01551957-RG/providers/Microsoft.Compute/virtualMachines/vmlinux-CentOS-centos-vm1",
            "identity": [],
            "license_type": "",
            "location": "canadacentral",
            "max_bid_price": -1,
            "name": "vmlinux-CentOS-centos-vm1",
            "network_interface_ids": [
              "/subscriptions/b0d6d148-4d63-490c-ac5b-eb3effc3a558/resourceGroups/N01551957-RG/providers/Microsoft.Network/networkInterfaces/CentOS_nic-centos-vm1"
            ],
            "os_disk": [
              {
                "caching": "ReadWrite",
                "diff_disk_settings": [],
                "disk_encryption_set_id": "",
                "disk_size_gb": 32,
                "name": "centos-vm1-os-disk",
                "secure_vm_disk_encryption_set_id": "",
                "security_encryption_type": "",
                "storage_account_type": "Premium_LRS",
                "write_accelerator_enabled": false
              }
            ],
            "patch_assessment_mode": "ImageDefault",
            "patch_mode": "ImageDefault",
            "plan": [],
            "platform_fault_domain": -1,
            "priority": "Regular",
            "private_ip_address": "10.0.1.6",
            "private_ip_addresses": [
              "10.0.1.6"
            ],
            "provision_vm_agent": true,
            "proximity_placement_group_id": "",
            "public_ip_address": "52.233.63.185",
            "public_ip_addresses": [
              "52.233.63.185"
            ],
            "resource_group_name": "N01551957-RG",
            "secret": [],
            "secure_boot_enabled": false,
            "size": "Standard_B1s",
            "source_image_id": "",
            "source_image_reference": [
              {
                "offer": "CentOS",
                "publisher": "OpenLogic",
                "sku": "8_5-gen2",
                "version": "latest"
              }
            ],
            "tags": {
              "Assignment": "CCGC 5502 Automation Assignment",
              "Environment": "Learning",
              "ExpirationDate": "2024-12-31",
              "Name": "Joseph.Keaveny"
            },
            "termination_notification": [],
            "timeouts": null,
            "user_data": "",
            "virtual_machine_id": "9aba5e97-8df2-4e00-a2ec-f0e452765db2",
            "virtual_machine_scale_set_id": "",
            "vtpm_enabled": false,
            "zone": ""
          },
          "sensitive_attributes": [],
          "private": "eyJlMmJmYjczMC1lY2FhLTExZTYtOGY4OC0zNDM2M2JjN2M0YzAiOnsiY3JlYXRlIjoyNzAwMDAwMDAwMDAwLCJkZWxldGUiOjI3MDAwMDAwMDAwMDAsInJlYWQiOjMwMDAwMDAwMDAwMCwidXBkYXRlIjoyNzAwMDAwMDAwMDAwfX0=",
          "dependencies": [
            "module.network-N01551957.azurerm_subnet.N01551957-SUBNET",
            "module.network-N01551957.azurerm_virtual_network.N01551957-VNET",
            "module.rgroup-N01551957.azurerm_resource_group.N01551957-RG",
            "module.vmlinux-N01551957.azurerm_network_interface.linux-nic-CentOS",
            "module.vmlinux-N01551957.azurerm_public_ip.pub-ip-CentOS"
          ]
        },
        {
          "index_key": "centos-vm2",
          "schema_version": 0,
          "attributes": {
            "additional_capabilities": [],
            "admin_password": null,
            "admin_ssh_key": [
              {
                "public_key": "ssh-rsa AAAAB3NzaC1yc2EAAAADAQABAAABgQCun23AE9VKvJzmItpgNdW3p645RMftuvcw1IKSK8eGmnyrMwS+lbvx5cJhN7jjcRIDArQ6A1KTyqkSi3TMGraSaSsylUPckA01dn8kT0x/tSr9M8Ou9/gJry1JB0yxBEGX3lt22fxPQOFOuQnMh/zVLMpuGQIk7CdLiuPqo5Gp0UiZ0nAxezPgCYeaN7XJYavt6iXtsbRwpaCiBc0Z9E/LLBvwkieAQZX0f/U9Jw4xGokKCO1bjDxalpHe08MNiajGhqSHHb+zooGo5KKLRJ9F9XORGyT7VYIzGnmKQ7UtN+KNGhp1PnrjuIRvqwHs6oYUtw1YCN/9fZQMtkw5jkLQ4shQ+mlTHeDTRYuRwfZ//33b1rAwrzWe1bEjC+IECCsPiEeI/IPYayKwP4CR2MWuugs173N9A4FUCqQpVctzPyzhCBu0yooHTUz3RffL6/soQkBlORjsN1a6XK8eiChOJxKl3yU7GIt7S7Ev2X5ZM8nhh7F/Y/cVLcZzOu8/Egk= j@LAPTOP-4UHPSSCK\n",
                "username": "j"
              }
            ],
            "admin_username": "j",
            "allow_extension_operations": true,
            "availability_set_id": "",
            "boot_diagnostics": [],
            "capacity_reservation_group_id": "",
            "computer_name": "computer-name-centos-vm2",
            "custom_data": null,
            "dedicated_host_group_id": "",
            "dedicated_host_id": "",
            "disable_password_authentication": true,
            "edge_zone": "",
            "encryption_at_host_enabled": false,
            "eviction_policy": "",
            "extensions_time_budget": "PT1H30M",
            "gallery_application": [],
            "id": "/subscriptions/b0d6d148-4d63-490c-ac5b-eb3effc3a558/resourceGroups/N01551957-RG/providers/Microsoft.Compute/virtualMachines/vmlinux-CentOS-centos-vm2",
            "identity": [],
            "license_type": "",
            "location": "canadacentral",
            "max_bid_price": -1,
            "name": "vmlinux-CentOS-centos-vm2",
            "network_interface_ids": [
              "/subscriptions/b0d6d148-4d63-490c-ac5b-eb3effc3a558/resourceGroups/N01551957-RG/providers/Microsoft.Network/networkInterfaces/CentOS_nic-centos-vm2"
            ],
            "os_disk": [
              {
                "caching": "ReadWrite",
                "diff_disk_settings": [],
                "disk_encryption_set_id": "",
                "disk_size_gb": 32,
                "name": "centos-vm2-os-disk",
                "secure_vm_disk_encryption_set_id": "",
                "security_encryption_type": "",
                "storage_account_type": "Premium_LRS",
                "write_accelerator_enabled": false
              }
            ],
            "patch_assessment_mode": "ImageDefault",
            "patch_mode": "ImageDefault",
            "plan": [],
            "platform_fault_domain": -1,
            "priority": "Regular",
            "private_ip_address": "10.0.1.4",
            "private_ip_addresses": [
              "10.0.1.4"
            ],
            "provision_vm_agent": true,
            "proximity_placement_group_id": "",
            "public_ip_address": "52.237.13.60",
            "public_ip_addresses": [
              "52.237.13.60"
            ],
            "resource_group_name": "N01551957-RG",
            "secret": [],
            "secure_boot_enabled": false,
            "size": "Standard_B1s",
            "source_image_id": "",
            "source_image_reference": [
              {
                "offer": "CentOS",
                "publisher": "OpenLogic",
                "sku": "8_5-gen2",
                "version": "latest"
              }
            ],
            "tags": {
              "Assignment": "CCGC 5502 Automation Assignment",
              "Environment": "Learning",
              "ExpirationDate": "2024-12-31",
              "Name": "Joseph.Keaveny"
            },
            "termination_notification": [],
            "timeouts": null,
            "user_data": "",
            "virtual_machine_id": "60978618-c547-4ebc-93d2-ca6bf490d74b",
            "virtual_machine_scale_set_id": "",
            "vtpm_enabled": false,
            "zone": ""
          },
          "sensitive_attributes": [],
          "private": "eyJlMmJmYjczMC1lY2FhLTExZTYtOGY4OC0zNDM2M2JjN2M0YzAiOnsiY3JlYXRlIjoyNzAwMDAwMDAwMDAwLCJkZWxldGUiOjI3MDAwMDAwMDAwMDAsInJlYWQiOjMwMDAwMDAwMDAwMCwidXBkYXRlIjoyNzAwMDAwMDAwMDAwfX0=",
          "dependencies": [
            "module.network-N01551957.azurerm_subnet.N01551957-SUBNET",
            "module.network-N01551957.azurerm_virtual_network.N01551957-VNET",
            "module.rgroup-N01551957.azurerm_resource_group.N01551957-RG",
            "module.vmlinux-N01551957.azurerm_network_interface.linux-nic-CentOS",
            "module.vmlinux-N01551957.azurerm_public_ip.pub-ip-CentOS"
          ]
        },
        {
          "index_key": "centos-vm3",
          "schema_version": 0,
          "attributes": {
            "additional_capabilities": [],
            "admin_password": null,
            "admin_ssh_key": [
              {
                "public_key": "ssh-rsa AAAAB3NzaC1yc2EAAAADAQABAAABgQCun23AE9VKvJzmItpgNdW3p645RMftuvcw1IKSK8eGmnyrMwS+lbvx5cJhN7jjcRIDArQ6A1KTyqkSi3TMGraSaSsylUPckA01dn8kT0x/tSr9M8Ou9/gJry1JB0yxBEGX3lt22fxPQOFOuQnMh/zVLMpuGQIk7CdLiuPqo5Gp0UiZ0nAxezPgCYeaN7XJYavt6iXtsbRwpaCiBc0Z9E/LLBvwkieAQZX0f/U9Jw4xGokKCO1bjDxalpHe08MNiajGhqSHHb+zooGo5KKLRJ9F9XORGyT7VYIzGnmKQ7UtN+KNGhp1PnrjuIRvqwHs6oYUtw1YCN/9fZQMtkw5jkLQ4shQ+mlTHeDTRYuRwfZ//33b1rAwrzWe1bEjC+IECCsPiEeI/IPYayKwP4CR2MWuugs173N9A4FUCqQpVctzPyzhCBu0yooHTUz3RffL6/soQkBlORjsN1a6XK8eiChOJxKl3yU7GIt7S7Ev2X5ZM8nhh7F/Y/cVLcZzOu8/Egk= j@LAPTOP-4UHPSSCK\n",
                "username": "j"
              }
            ],
            "admin_username": "j",
            "allow_extension_operations": true,
            "availability_set_id": "",
            "boot_diagnostics": [],
            "capacity_reservation_group_id": "",
            "computer_name": "computer-name-centos-vm3",
            "custom_data": null,
            "dedicated_host_group_id": "",
            "dedicated_host_id": "",
            "disable_password_authentication": true,
            "edge_zone": "",
            "encryption_at_host_enabled": false,
            "eviction_policy": "",
            "extensions_time_budget": "PT1H30M",
            "gallery_application": [],
            "id": "/subscriptions/b0d6d148-4d63-490c-ac5b-eb3effc3a558/resourceGroups/N01551957-RG/providers/Microsoft.Compute/virtualMachines/vmlinux-CentOS-centos-vm3",
            "identity": [],
            "license_type": "",
            "location": "canadacentral",
            "max_bid_price": -1,
            "name": "vmlinux-CentOS-centos-vm3",
            "network_interface_ids": [
              "/subscriptions/b0d6d148-4d63-490c-ac5b-eb3effc3a558/resourceGroups/N01551957-RG/providers/Microsoft.Network/networkInterfaces/CentOS_nic-centos-vm3"
            ],
            "os_disk": [
              {
                "caching": "ReadWrite",
                "diff_disk_settings": [],
                "disk_encryption_set_id": "",
                "disk_size_gb": 32,
                "name": "centos-vm3-os-disk",
                "secure_vm_disk_encryption_set_id": "",
                "security_encryption_type": "",
                "storage_account_type": "Premium_LRS",
                "write_accelerator_enabled": false
              }
            ],
            "patch_assessment_mode": "ImageDefault",
            "patch_mode": "ImageDefault",
            "plan": [],
            "platform_fault_domain": -1,
            "priority": "Regular",
            "private_ip_address": "10.0.1.5",
            "private_ip_addresses": [
              "10.0.1.5"
            ],
            "provision_vm_agent": true,
            "proximity_placement_group_id": "",
            "public_ip_address": "52.237.23.170",
            "public_ip_addresses": [
              "52.237.23.170"
            ],
            "resource_group_name": "N01551957-RG",
            "secret": [],
            "secure_boot_enabled": false,
            "size": "Standard_B1s",
            "source_image_id": "",
            "source_image_reference": [
              {
                "offer": "CentOS",
                "publisher": "OpenLogic",
                "sku": "8_5-gen2",
                "version": "latest"
              }
            ],
            "tags": {
              "Assignment": "CCGC 5502 Automation Assignment",
              "Environment": "Learning",
              "ExpirationDate": "2024-12-31",
              "Name": "Joseph.Keaveny"
            },
            "termination_notification": [],
            "timeouts": null,
            "user_data": "",
            "virtual_machine_id": "db28ec2d-ef87-4124-ab11-0f79887cd9ba",
            "virtual_machine_scale_set_id": "",
            "vtpm_enabled": false,
            "zone": ""
          },
          "sensitive_attributes": [],
          "private": "eyJlMmJmYjczMC1lY2FhLTExZTYtOGY4OC0zNDM2M2JjN2M0YzAiOnsiY3JlYXRlIjoyNzAwMDAwMDAwMDAwLCJkZWxldGUiOjI3MDAwMDAwMDAwMDAsInJlYWQiOjMwMDAwMDAwMDAwMCwidXBkYXRlIjoyNzAwMDAwMDAwMDAwfX0=",
          "dependencies": [
            "module.network-N01551957.azurerm_subnet.N01551957-SUBNET",
            "module.network-N01551957.azurerm_virtual_network.N01551957-VNET",
            "module.rgroup-N01551957.azurerm_resource_group.N01551957-RG",
            "module.vmlinux-N01551957.azurerm_network_interface.linux-nic-CentOS",
            "module.vmlinux-N01551957.azurerm_public_ip.pub-ip-CentOS"
          ]
        }
      ]
    },
    {
      "module": "module.vmlinux-N01551957",
      "mode": "managed",
      "type": "azurerm_network_interface",
      "name": "linux-nic-CentOS",
      "provider": "provider[\"registry.terraform.io/hashicorp/azurerm\"]",
      "instances": [
        {
          "index_key": "centos-vm1",
          "schema_version": 0,
          "attributes": {
            "applied_dns_servers": [],
            "dns_servers": [],
            "edge_zone": "",
            "enable_accelerated_networking": false,
            "enable_ip_forwarding": false,
            "id": "/subscriptions/b0d6d148-4d63-490c-ac5b-eb3effc3a558/resourceGroups/N01551957-RG/providers/Microsoft.Network/networkInterfaces/CentOS_nic-centos-vm1",
            "internal_dns_name_label": "",
            "internal_domain_name_suffix": "jmqcitxy4jvulgvfmci2u0jp5c.ux.internal.cloudapp.net",
            "ip_configuration": [
              {
                "gateway_load_balancer_frontend_ip_configuration_id": "",
                "name": "IP_configuration-centos-vm1",
                "primary": true,
                "private_ip_address": "10.0.1.6",
                "private_ip_address_allocation": "Dynamic",
                "private_ip_address_version": "IPv4",
                "public_ip_address_id": "/subscriptions/b0d6d148-4d63-490c-ac5b-eb3effc3a558/resourceGroups/N01551957-RG/providers/Microsoft.Network/publicIPAddresses/CentOS-vm-centos-vm1",
                "subnet_id": "/subscriptions/b0d6d148-4d63-490c-ac5b-eb3effc3a558/resourceGroups/N01551957-RG/providers/Microsoft.Network/virtualNetworks/vnet-assignment1-N01551957/subnets/subnet"
              }
            ],
            "location": "canadacentral",
            "mac_address": "00-22-48-B1-BE-A9",
            "name": "CentOS_nic-centos-vm1",
            "private_ip_address": "10.0.1.6",
            "private_ip_addresses": [
              "10.0.1.6"
            ],
            "resource_group_name": "N01551957-RG",
            "tags": {
              "Assignment": "CCGC 5502 Automation Assignment",
              "Environment": "Learning",
              "ExpirationDate": "2024-12-31",
              "Name": "Joseph.Keaveny"
            },
            "timeouts": null,
            "virtual_machine_id": "/subscriptions/b0d6d148-4d63-490c-ac5b-eb3effc3a558/resourceGroups/N01551957-RG/providers/Microsoft.Compute/virtualMachines/vmlinux-CentOS-centos-vm1"
          },
          "sensitive_attributes": [],
          "private": "eyJlMmJmYjczMC1lY2FhLTExZTYtOGY4OC0zNDM2M2JjN2M0YzAiOnsiY3JlYXRlIjoxODAwMDAwMDAwMDAwLCJkZWxldGUiOjE4MDAwMDAwMDAwMDAsInJlYWQiOjMwMDAwMDAwMDAwMCwidXBkYXRlIjoxODAwMDAwMDAwMDAwfX0=",
          "dependencies": [
            "module.network-N01551957.azurerm_subnet.N01551957-SUBNET",
            "module.network-N01551957.azurerm_virtual_network.N01551957-VNET",
            "module.rgroup-N01551957.azurerm_resource_group.N01551957-RG",
            "module.vmlinux-N01551957.azurerm_public_ip.pub-ip-CentOS"
          ]
        },
        {
          "index_key": "centos-vm2",
          "schema_version": 0,
          "attributes": {
            "applied_dns_servers": [],
            "dns_servers": [],
            "edge_zone": "",
            "enable_accelerated_networking": false,
            "enable_ip_forwarding": false,
            "id": "/subscriptions/b0d6d148-4d63-490c-ac5b-eb3effc3a558/resourceGroups/N01551957-RG/providers/Microsoft.Network/networkInterfaces/CentOS_nic-centos-vm2",
            "internal_dns_name_label": "",
            "internal_domain_name_suffix": "jmqcitxy4jvulgvfmci2u0jp5c.ux.internal.cloudapp.net",
            "ip_configuration": [
              {
                "gateway_load_balancer_frontend_ip_configuration_id": "",
                "name": "IP_configuration-centos-vm2",
                "primary": true,
                "private_ip_address": "10.0.1.4",
                "private_ip_address_allocation": "Dynamic",
                "private_ip_address_version": "IPv4",
                "public_ip_address_id": "/subscriptions/b0d6d148-4d63-490c-ac5b-eb3effc3a558/resourceGroups/N01551957-RG/providers/Microsoft.Network/publicIPAddresses/CentOS-vm-centos-vm2",
                "subnet_id": "/subscriptions/b0d6d148-4d63-490c-ac5b-eb3effc3a558/resourceGroups/N01551957-RG/providers/Microsoft.Network/virtualNetworks/vnet-assignment1-N01551957/subnets/subnet"
              }
            ],
            "location": "canadacentral",
            "mac_address": "00-0D-3A-E9-33-EC",
            "name": "CentOS_nic-centos-vm2",
            "private_ip_address": "10.0.1.4",
            "private_ip_addresses": [
              "10.0.1.4"
            ],
            "resource_group_name": "N01551957-RG",
            "tags": {
              "Assignment": "CCGC 5502 Automation Assignment",
              "Environment": "Learning",
              "ExpirationDate": "2024-12-31",
              "Name": "Joseph.Keaveny"
            },
            "timeouts": null,
            "virtual_machine_id": "/subscriptions/b0d6d148-4d63-490c-ac5b-eb3effc3a558/resourceGroups/N01551957-RG/providers/Microsoft.Compute/virtualMachines/vmlinux-CentOS-centos-vm2"
          },
          "sensitive_attributes": [],
          "private": "eyJlMmJmYjczMC1lY2FhLTExZTYtOGY4OC0zNDM2M2JjN2M0YzAiOnsiY3JlYXRlIjoxODAwMDAwMDAwMDAwLCJkZWxldGUiOjE4MDAwMDAwMDAwMDAsInJlYWQiOjMwMDAwMDAwMDAwMCwidXBkYXRlIjoxODAwMDAwMDAwMDAwfX0=",
          "dependencies": [
            "module.network-N01551957.azurerm_subnet.N01551957-SUBNET",
            "module.network-N01551957.azurerm_virtual_network.N01551957-VNET",
            "module.rgroup-N01551957.azurerm_resource_group.N01551957-RG",
            "module.vmlinux-N01551957.azurerm_public_ip.pub-ip-CentOS"
          ]
        },
        {
          "index_key": "centos-vm3",
          "schema_version": 0,
          "attributes": {
            "applied_dns_servers": [],
            "dns_servers": [],
            "edge_zone": "",
            "enable_accelerated_networking": false,
            "enable_ip_forwarding": false,
            "id": "/subscriptions/b0d6d148-4d63-490c-ac5b-eb3effc3a558/resourceGroups/N01551957-RG/providers/Microsoft.Network/networkInterfaces/CentOS_nic-centos-vm3",
            "internal_dns_name_label": "",
            "internal_domain_name_suffix": "jmqcitxy4jvulgvfmci2u0jp5c.ux.internal.cloudapp.net",
            "ip_configuration": [
              {
                "gateway_load_balancer_frontend_ip_configuration_id": "",
                "name": "IP_configuration-centos-vm3",
                "primary": true,
                "private_ip_address": "10.0.1.5",
                "private_ip_address_allocation": "Dynamic",
                "private_ip_address_version": "IPv4",
                "public_ip_address_id": "/subscriptions/b0d6d148-4d63-490c-ac5b-eb3effc3a558/resourceGroups/N01551957-RG/providers/Microsoft.Network/publicIPAddresses/CentOS-vm-centos-vm3",
                "subnet_id": "/subscriptions/b0d6d148-4d63-490c-ac5b-eb3effc3a558/resourceGroups/N01551957-RG/providers/Microsoft.Network/virtualNetworks/vnet-assignment1-N01551957/subnets/subnet"
              }
            ],
            "location": "canadacentral",
            "mac_address": "60-45-BD-5F-D9-03",
            "name": "CentOS_nic-centos-vm3",
            "private_ip_address": "10.0.1.5",
            "private_ip_addresses": [
              "10.0.1.5"
            ],
            "resource_group_name": "N01551957-RG",
            "tags": {
              "Assignment": "CCGC 5502 Automation Assignment",
              "Environment": "Learning",
              "ExpirationDate": "2024-12-31",
              "Name": "Joseph.Keaveny"
            },
            "timeouts": null,
            "virtual_machine_id": "/subscriptions/b0d6d148-4d63-490c-ac5b-eb3effc3a558/resourceGroups/N01551957-RG/providers/Microsoft.Compute/virtualMachines/vmlinux-CentOS-centos-vm3"
          },
          "sensitive_attributes": [],
          "private": "eyJlMmJmYjczMC1lY2FhLTExZTYtOGY4OC0zNDM2M2JjN2M0YzAiOnsiY3JlYXRlIjoxODAwMDAwMDAwMDAwLCJkZWxldGUiOjE4MDAwMDAwMDAwMDAsInJlYWQiOjMwMDAwMDAwMDAwMCwidXBkYXRlIjoxODAwMDAwMDAwMDAwfX0=",
          "dependencies": [
            "module.network-N01551957.azurerm_subnet.N01551957-SUBNET",
            "module.network-N01551957.azurerm_virtual_network.N01551957-VNET",
            "module.rgroup-N01551957.azurerm_resource_group.N01551957-RG",
            "module.vmlinux-N01551957.azurerm_public_ip.pub-ip-CentOS"
          ]
        }
      ]
    },
    {
      "module": "module.vmlinux-N01551957",
      "mode": "managed",
      "type": "azurerm_public_ip",
      "name": "pub-ip-CentOS",
      "provider": "provider[\"registry.terraform.io/hashicorp/azurerm\"]",
      "instances": [
        {
          "index_key": "centos-vm1",
          "schema_version": 0,
          "attributes": {
            "allocation_method": "Dynamic",
            "ddos_protection_mode": "VirtualNetworkInherited",
            "ddos_protection_plan_id": null,
            "domain_name_label": "n01551957-c-vm-centos-vm1",
            "edge_zone": "",
            "fqdn": "n01551957-c-vm-centos-vm1.canadacentral.cloudapp.azure.com",
            "id": "/subscriptions/b0d6d148-4d63-490c-ac5b-eb3effc3a558/resourceGroups/N01551957-RG/providers/Microsoft.Network/publicIPAddresses/CentOS-vm-centos-vm1",
            "idle_timeout_in_minutes": 4,
            "ip_address": "52.233.63.185",
            "ip_tags": {},
            "ip_version": "IPv4",
            "location": "canadacentral",
            "name": "CentOS-vm-centos-vm1",
            "public_ip_prefix_id": null,
            "resource_group_name": "N01551957-RG",
            "reverse_fqdn": "",
            "sku": "Basic",
            "sku_tier": "Regional",
            "tags": {
              "Assignment": "CCGC 5502 Automation Assignment",
              "Environment": "Learning",
              "ExpirationDate": "2024-12-31",
              "Name": "Joseph.Keaveny"
            },
            "timeouts": null,
            "zones": []
          },
          "sensitive_attributes": [],
          "private": "eyJlMmJmYjczMC1lY2FhLTExZTYtOGY4OC0zNDM2M2JjN2M0YzAiOnsiY3JlYXRlIjoxODAwMDAwMDAwMDAwLCJkZWxldGUiOjE4MDAwMDAwMDAwMDAsInJlYWQiOjMwMDAwMDAwMDAwMCwidXBkYXRlIjoxODAwMDAwMDAwMDAwfX0=",
          "dependencies": [
            "module.rgroup-N01551957.azurerm_resource_group.N01551957-RG"
          ]
        },
        {
          "index_key": "centos-vm2",
          "schema_version": 0,
          "attributes": {
            "allocation_method": "Dynamic",
            "ddos_protection_mode": "VirtualNetworkInherited",
            "ddos_protection_plan_id": null,
            "domain_name_label": "n01551957-c-vm-centos-vm2",
            "edge_zone": "",
            "fqdn": "n01551957-c-vm-centos-vm2.canadacentral.cloudapp.azure.com",
            "id": "/subscriptions/b0d6d148-4d63-490c-ac5b-eb3effc3a558/resourceGroups/N01551957-RG/providers/Microsoft.Network/publicIPAddresses/CentOS-vm-centos-vm2",
            "idle_timeout_in_minutes": 4,
            "ip_address": "52.237.13.60",
            "ip_tags": {},
            "ip_version": "IPv4",
            "location": "canadacentral",
            "name": "CentOS-vm-centos-vm2",
            "public_ip_prefix_id": null,
            "resource_group_name": "N01551957-RG",
            "reverse_fqdn": "",
            "sku": "Basic",
            "sku_tier": "Regional",
            "tags": {
              "Assignment": "CCGC 5502 Automation Assignment",
              "Environment": "Learning",
              "ExpirationDate": "2024-12-31",
              "Name": "Joseph.Keaveny"
            },
            "timeouts": null,
            "zones": []
          },
          "sensitive_attributes": [],
          "private": "eyJlMmJmYjczMC1lY2FhLTExZTYtOGY4OC0zNDM2M2JjN2M0YzAiOnsiY3JlYXRlIjoxODAwMDAwMDAwMDAwLCJkZWxldGUiOjE4MDAwMDAwMDAwMDAsInJlYWQiOjMwMDAwMDAwMDAwMCwidXBkYXRlIjoxODAwMDAwMDAwMDAwfX0=",
          "dependencies": [
            "module.rgroup-N01551957.azurerm_resource_group.N01551957-RG"
          ]
        },
        {
          "index_key": "centos-vm3",
          "schema_version": 0,
          "attributes": {
            "allocation_method": "Dynamic",
            "ddos_protection_mode": "VirtualNetworkInherited",
            "ddos_protection_plan_id": null,
            "domain_name_label": "n01551957-c-vm-centos-vm3",
            "edge_zone": "",
            "fqdn": "n01551957-c-vm-centos-vm3.canadacentral.cloudapp.azure.com",
            "id": "/subscriptions/b0d6d148-4d63-490c-ac5b-eb3effc3a558/resourceGroups/N01551957-RG/providers/Microsoft.Network/publicIPAddresses/CentOS-vm-centos-vm3",
            "idle_timeout_in_minutes": 4,
            "ip_address": "52.237.23.170",
            "ip_tags": {},
            "ip_version": "IPv4",
            "location": "canadacentral",
            "name": "CentOS-vm-centos-vm3",
            "public_ip_prefix_id": null,
            "resource_group_name": "N01551957-RG",
            "reverse_fqdn": "",
            "sku": "Basic",
            "sku_tier": "Regional",
            "tags": {
              "Assignment": "CCGC 5502 Automation Assignment",
              "Environment": "Learning",
              "ExpirationDate": "2024-12-31",
              "Name": "Joseph.Keaveny"
            },
            "timeouts": null,
            "zones": []
          },
          "sensitive_attributes": [],
          "private": "eyJlMmJmYjczMC1lY2FhLTExZTYtOGY4OC0zNDM2M2JjN2M0YzAiOnsiY3JlYXRlIjoxODAwMDAwMDAwMDAwLCJkZWxldGUiOjE4MDAwMDAwMDAwMDAsInJlYWQiOjMwMDAwMDAwMDAwMCwidXBkYXRlIjoxODAwMDAwMDAwMDAwfX0=",
          "dependencies": [
            "module.rgroup-N01551957.azurerm_resource_group.N01551957-RG"
          ]
        }
      ]
    },
    {
      "module": "module.vmlinux-N01551957",
      "mode": "managed",
      "type": "azurerm_virtual_machine_extension",
      "name": "AzureMonitor",
      "provider": "provider[\"registry.terraform.io/hashicorp/azurerm\"]",
      "instances": [
        {
          "index_key": "centos-vm1",
          "schema_version": 0,
          "attributes": {
            "auto_upgrade_minor_version": false,
            "automatic_upgrade_enabled": false,
            "failure_suppression_enabled": false,
            "id": "/subscriptions/b0d6d148-4d63-490c-ac5b-eb3effc3a558/resourceGroups/N01551957-RG/providers/Microsoft.Compute/virtualMachines/vmlinux-CentOS-centos-vm1/extensions/AzureMonitor",
            "name": "AzureMonitor",
            "protected_settings": null,
            "protected_settings_from_key_vault": [],
            "publisher": "Microsoft.Azure.Monitor",
            "settings": null,
            "tags": {
              "Assignment": "CCGC 5502 Automation Assignment",
              "Environment": "Learning",
              "ExpirationDate": "2024-12-31",
              "Name": "Joseph.Keaveny"
            },
            "timeouts": null,
            "type": "AzureMonitorLinuxAgent",
            "type_handler_version": "1.29",
            "virtual_machine_id": "/subscriptions/b0d6d148-4d63-490c-ac5b-eb3effc3a558/resourceGroups/N01551957-RG/providers/Microsoft.Compute/virtualMachines/vmlinux-CentOS-centos-vm1"
          },
          "sensitive_attributes": [],
          "private": "eyJlMmJmYjczMC1lY2FhLTExZTYtOGY4OC0zNDM2M2JjN2M0YzAiOnsiY3JlYXRlIjoxODAwMDAwMDAwMDAwLCJkZWxldGUiOjE4MDAwMDAwMDAwMDAsInJlYWQiOjMwMDAwMDAwMDAwMCwidXBkYXRlIjoxODAwMDAwMDAwMDAwfX0=",
          "dependencies": [
            "module.network-N01551957.azurerm_subnet.N01551957-SUBNET",
            "module.network-N01551957.azurerm_virtual_network.N01551957-VNET",
            "module.rgroup-N01551957.azurerm_resource_group.N01551957-RG",
            "module.vmlinux-N01551957.azurerm_linux_virtual_machine.vmlinux-CentOS",
            "module.vmlinux-N01551957.azurerm_network_interface.linux-nic-CentOS",
            "module.vmlinux-N01551957.azurerm_public_ip.pub-ip-CentOS",
            "module.vmlinux-N01551957.null_resource.linux_provisioner"
          ]
        },
        {
          "index_key": "centos-vm2",
          "schema_version": 0,
          "attributes": {
            "auto_upgrade_minor_version": false,
            "automatic_upgrade_enabled": false,
            "failure_suppression_enabled": false,
            "id": "/subscriptions/b0d6d148-4d63-490c-ac5b-eb3effc3a558/resourceGroups/N01551957-RG/providers/Microsoft.Compute/virtualMachines/vmlinux-CentOS-centos-vm2/extensions/AzureMonitor",
            "name": "AzureMonitor",
            "protected_settings": null,
            "protected_settings_from_key_vault": [],
            "publisher": "Microsoft.Azure.Monitor",
            "settings": null,
            "tags": {
              "Assignment": "CCGC 5502 Automation Assignment",
              "Environment": "Learning",
              "ExpirationDate": "2024-12-31",
              "Name": "Joseph.Keaveny"
            },
            "timeouts": null,
            "type": "AzureMonitorLinuxAgent",
            "type_handler_version": "1.29",
            "virtual_machine_id": "/subscriptions/b0d6d148-4d63-490c-ac5b-eb3effc3a558/resourceGroups/N01551957-RG/providers/Microsoft.Compute/virtualMachines/vmlinux-CentOS-centos-vm2"
          },
          "sensitive_attributes": [],
          "private": "eyJlMmJmYjczMC1lY2FhLTExZTYtOGY4OC0zNDM2M2JjN2M0YzAiOnsiY3JlYXRlIjoxODAwMDAwMDAwMDAwLCJkZWxldGUiOjE4MDAwMDAwMDAwMDAsInJlYWQiOjMwMDAwMDAwMDAwMCwidXBkYXRlIjoxODAwMDAwMDAwMDAwfX0=",
          "dependencies": [
            "module.network-N01551957.azurerm_subnet.N01551957-SUBNET",
            "module.network-N01551957.azurerm_virtual_network.N01551957-VNET",
            "module.rgroup-N01551957.azurerm_resource_group.N01551957-RG",
            "module.vmlinux-N01551957.azurerm_linux_virtual_machine.vmlinux-CentOS",
            "module.vmlinux-N01551957.azurerm_network_interface.linux-nic-CentOS",
            "module.vmlinux-N01551957.azurerm_public_ip.pub-ip-CentOS",
            "module.vmlinux-N01551957.null_resource.linux_provisioner"
          ]
        },
        {
          "index_key": "centos-vm3",
          "schema_version": 0,
          "attributes": {
            "auto_upgrade_minor_version": false,
            "automatic_upgrade_enabled": false,
            "failure_suppression_enabled": false,
            "id": "/subscriptions/b0d6d148-4d63-490c-ac5b-eb3effc3a558/resourceGroups/N01551957-RG/providers/Microsoft.Compute/virtualMachines/vmlinux-CentOS-centos-vm3/extensions/AzureMonitor",
            "name": "AzureMonitor",
            "protected_settings": null,
            "protected_settings_from_key_vault": [],
            "publisher": "Microsoft.Azure.Monitor",
            "settings": null,
            "tags": {
              "Assignment": "CCGC 5502 Automation Assignment",
              "Environment": "Learning",
              "ExpirationDate": "2024-12-31",
              "Name": "Joseph.Keaveny"
            },
            "timeouts": null,
            "type": "AzureMonitorLinuxAgent",
            "type_handler_version": "1.29",
            "virtual_machine_id": "/subscriptions/b0d6d148-4d63-490c-ac5b-eb3effc3a558/resourceGroups/N01551957-RG/providers/Microsoft.Compute/virtualMachines/vmlinux-CentOS-centos-vm3"
          },
          "sensitive_attributes": [],
          "private": "eyJlMmJmYjczMC1lY2FhLTExZTYtOGY4OC0zNDM2M2JjN2M0YzAiOnsiY3JlYXRlIjoxODAwMDAwMDAwMDAwLCJkZWxldGUiOjE4MDAwMDAwMDAwMDAsInJlYWQiOjMwMDAwMDAwMDAwMCwidXBkYXRlIjoxODAwMDAwMDAwMDAwfX0=",
          "dependencies": [
            "module.network-N01551957.azurerm_subnet.N01551957-SUBNET",
            "module.network-N01551957.azurerm_virtual_network.N01551957-VNET",
            "module.rgroup-N01551957.azurerm_resource_group.N01551957-RG",
            "module.vmlinux-N01551957.azurerm_linux_virtual_machine.vmlinux-CentOS",
            "module.vmlinux-N01551957.azurerm_network_interface.linux-nic-CentOS",
            "module.vmlinux-N01551957.azurerm_public_ip.pub-ip-CentOS",
            "module.vmlinux-N01551957.null_resource.linux_provisioner"
          ]
        }
      ]
    },
    {
      "module": "module.vmlinux-N01551957",
      "mode": "managed",
      "type": "azurerm_virtual_machine_extension",
      "name": "NetworkWatcher",
      "provider": "provider[\"registry.terraform.io/hashicorp/azurerm\"]",
      "instances": [
        {
          "index_key": "centos-vm1",
          "schema_version": 0,
          "attributes": {
            "auto_upgrade_minor_version": false,
            "automatic_upgrade_enabled": false,
            "failure_suppression_enabled": false,
            "id": "/subscriptions/b0d6d148-4d63-490c-ac5b-eb3effc3a558/resourceGroups/N01551957-RG/providers/Microsoft.Compute/virtualMachines/vmlinux-CentOS-centos-vm1/extensions/NetworkWatcher",
            "name": "NetworkWatcher",
            "protected_settings": null,
            "protected_settings_from_key_vault": [],
            "publisher": "Microsoft.Azure.NetworkWatcher",
            "settings": null,
            "tags": {
              "Assignment": "CCGC 5502 Automation Assignment",
              "Environment": "Learning",
              "ExpirationDate": "2024-12-31",
              "Name": "Joseph.Keaveny"
            },
            "timeouts": null,
            "type": "NetworkWatcherAgentLinux",
            "type_handler_version": "1.4",
            "virtual_machine_id": "/subscriptions/b0d6d148-4d63-490c-ac5b-eb3effc3a558/resourceGroups/N01551957-RG/providers/Microsoft.Compute/virtualMachines/vmlinux-CentOS-centos-vm1"
          },
          "sensitive_attributes": [],
          "private": "eyJlMmJmYjczMC1lY2FhLTExZTYtOGY4OC0zNDM2M2JjN2M0YzAiOnsiY3JlYXRlIjoxODAwMDAwMDAwMDAwLCJkZWxldGUiOjE4MDAwMDAwMDAwMDAsInJlYWQiOjMwMDAwMDAwMDAwMCwidXBkYXRlIjoxODAwMDAwMDAwMDAwfX0=",
          "dependencies": [
            "module.network-N01551957.azurerm_subnet.N01551957-SUBNET",
            "module.network-N01551957.azurerm_virtual_network.N01551957-VNET",
            "module.rgroup-N01551957.azurerm_resource_group.N01551957-RG",
            "module.vmlinux-N01551957.azurerm_linux_virtual_machine.vmlinux-CentOS",
            "module.vmlinux-N01551957.azurerm_network_interface.linux-nic-CentOS",
            "module.vmlinux-N01551957.azurerm_public_ip.pub-ip-CentOS",
            "module.vmlinux-N01551957.null_resource.linux_provisioner"
          ]
        },
        {
          "index_key": "centos-vm2",
          "schema_version": 0,
          "attributes": {
            "auto_upgrade_minor_version": false,
            "automatic_upgrade_enabled": false,
            "failure_suppression_enabled": false,
            "id": "/subscriptions/b0d6d148-4d63-490c-ac5b-eb3effc3a558/resourceGroups/N01551957-RG/providers/Microsoft.Compute/virtualMachines/vmlinux-CentOS-centos-vm2/extensions/NetworkWatcher",
            "name": "NetworkWatcher",
            "protected_settings": null,
            "protected_settings_from_key_vault": [],
            "publisher": "Microsoft.Azure.NetworkWatcher",
            "settings": null,
            "tags": {
              "Assignment": "CCGC 5502 Automation Assignment",
              "Environment": "Learning",
              "ExpirationDate": "2024-12-31",
              "Name": "Joseph.Keaveny"
            },
            "timeouts": null,
            "type": "NetworkWatcherAgentLinux",
            "type_handler_version": "1.4",
            "virtual_machine_id": "/subscriptions/b0d6d148-4d63-490c-ac5b-eb3effc3a558/resourceGroups/N01551957-RG/providers/Microsoft.Compute/virtualMachines/vmlinux-CentOS-centos-vm2"
          },
          "sensitive_attributes": [],
          "private": "eyJlMmJmYjczMC1lY2FhLTExZTYtOGY4OC0zNDM2M2JjN2M0YzAiOnsiY3JlYXRlIjoxODAwMDAwMDAwMDAwLCJkZWxldGUiOjE4MDAwMDAwMDAwMDAsInJlYWQiOjMwMDAwMDAwMDAwMCwidXBkYXRlIjoxODAwMDAwMDAwMDAwfX0=",
          "dependencies": [
            "module.network-N01551957.azurerm_subnet.N01551957-SUBNET",
            "module.network-N01551957.azurerm_virtual_network.N01551957-VNET",
            "module.rgroup-N01551957.azurerm_resource_group.N01551957-RG",
            "module.vmlinux-N01551957.azurerm_linux_virtual_machine.vmlinux-CentOS",
            "module.vmlinux-N01551957.azurerm_network_interface.linux-nic-CentOS",
            "module.vmlinux-N01551957.azurerm_public_ip.pub-ip-CentOS",
            "module.vmlinux-N01551957.null_resource.linux_provisioner"
          ]
        },
        {
          "index_key": "centos-vm3",
          "schema_version": 0,
          "attributes": {
            "auto_upgrade_minor_version": false,
            "automatic_upgrade_enabled": false,
            "failure_suppression_enabled": false,
            "id": "/subscriptions/b0d6d148-4d63-490c-ac5b-eb3effc3a558/resourceGroups/N01551957-RG/providers/Microsoft.Compute/virtualMachines/vmlinux-CentOS-centos-vm3/extensions/NetworkWatcher",
            "name": "NetworkWatcher",
            "protected_settings": null,
            "protected_settings_from_key_vault": [],
            "publisher": "Microsoft.Azure.NetworkWatcher",
            "settings": null,
            "tags": {
              "Assignment": "CCGC 5502 Automation Assignment",
              "Environment": "Learning",
              "ExpirationDate": "2024-12-31",
              "Name": "Joseph.Keaveny"
            },
            "timeouts": null,
            "type": "NetworkWatcherAgentLinux",
            "type_handler_version": "1.4",
            "virtual_machine_id": "/subscriptions/b0d6d148-4d63-490c-ac5b-eb3effc3a558/resourceGroups/N01551957-RG/providers/Microsoft.Compute/virtualMachines/vmlinux-CentOS-centos-vm3"
          },
          "sensitive_attributes": [],
          "private": "eyJlMmJmYjczMC1lY2FhLTExZTYtOGY4OC0zNDM2M2JjN2M0YzAiOnsiY3JlYXRlIjoxODAwMDAwMDAwMDAwLCJkZWxldGUiOjE4MDAwMDAwMDAwMDAsInJlYWQiOjMwMDAwMDAwMDAwMCwidXBkYXRlIjoxODAwMDAwMDAwMDAwfX0=",
          "dependencies": [
            "module.network-N01551957.azurerm_subnet.N01551957-SUBNET",
            "module.network-N01551957.azurerm_virtual_network.N01551957-VNET",
            "module.rgroup-N01551957.azurerm_resource_group.N01551957-RG",
            "module.vmlinux-N01551957.azurerm_linux_virtual_machine.vmlinux-CentOS",
            "module.vmlinux-N01551957.azurerm_network_interface.linux-nic-CentOS",
            "module.vmlinux-N01551957.azurerm_public_ip.pub-ip-CentOS",
            "module.vmlinux-N01551957.null_resource.linux_provisioner"
          ]
        }
      ]
    },
    {
      "module": "module.vmlinux-N01551957",
      "mode": "managed",
      "type": "null_resource",
      "name": "linux_provisioner",
      "provider": "provider[\"registry.terraform.io/hashicorp/null\"]",
      "instances": [
        {
          "index_key": "centos-vm1",
          "schema_version": 0,
          "attributes": {
            "id": "3640200659416392998",
            "triggers": null
          },
          "sensitive_attributes": [],
          "dependencies": [
            "module.network-N01551957.azurerm_subnet.N01551957-SUBNET",
            "module.network-N01551957.azurerm_virtual_network.N01551957-VNET",
            "module.rgroup-N01551957.azurerm_resource_group.N01551957-RG",
            "module.vmlinux-N01551957.azurerm_linux_virtual_machine.vmlinux-CentOS",
            "module.vmlinux-N01551957.azurerm_network_interface.linux-nic-CentOS",
            "module.vmlinux-N01551957.azurerm_public_ip.pub-ip-CentOS"
          ]
        },
        {
          "index_key": "centos-vm2",
          "schema_version": 0,
          "attributes": {
            "id": "873734002721926530",
            "triggers": null
          },
          "sensitive_attributes": [],
          "dependencies": [
            "module.network-N01551957.azurerm_subnet.N01551957-SUBNET",
            "module.network-N01551957.azurerm_virtual_network.N01551957-VNET",
            "module.rgroup-N01551957.azurerm_resource_group.N01551957-RG",
            "module.vmlinux-N01551957.azurerm_linux_virtual_machine.vmlinux-CentOS",
            "module.vmlinux-N01551957.azurerm_network_interface.linux-nic-CentOS",
            "module.vmlinux-N01551957.azurerm_public_ip.pub-ip-CentOS"
          ]
        },
        {
          "index_key": "centos-vm3",
          "schema_version": 0,
          "attributes": {
            "id": "3931179921879760677",
            "triggers": null
          },
          "sensitive_attributes": [],
          "dependencies": [
            "module.network-N01551957.azurerm_subnet.N01551957-SUBNET",
            "module.network-N01551957.azurerm_virtual_network.N01551957-VNET",
            "module.rgroup-N01551957.azurerm_resource_group.N01551957-RG",
            "module.vmlinux-N01551957.azurerm_linux_virtual_machine.vmlinux-CentOS",
            "module.vmlinux-N01551957.azurerm_network_interface.linux-nic-CentOS",
            "module.vmlinux-N01551957.azurerm_public_ip.pub-ip-CentOS"
          ]
        }
      ]
    }
  ],
  "check_results": null
}
